// !$*UTF8*$!
{
	archiveVersion = 1;
	classes = {
	};
	objectVersion = 46;
	objects = {

/* Begin PBXBuildFile section */
		466490F219B2F43F00C21BAE /* AppDelegate.swift in Sources */ = {isa = PBXBuildFile; fileRef = 466490F119B2F43F00C21BAE /* AppDelegate.swift */; };
		466490F419B2F43F00C21BAE /* ViewController.swift in Sources */ = {isa = PBXBuildFile; fileRef = 466490F319B2F43F00C21BAE /* ViewController.swift */; };
		466490F719B2F43F00C21BAE /* Main.storyboard in Resources */ = {isa = PBXBuildFile; fileRef = 466490F519B2F43F00C21BAE /* Main.storyboard */; };
		466490F919B2F43F00C21BAE /* Images.xcassets in Resources */ = {isa = PBXBuildFile; fileRef = 466490F819B2F43F00C21BAE /* Images.xcassets */; };
		4664910519B2F43F00C21BAE /* TipsCalculatorTests.swift in Sources */ = {isa = PBXBuildFile; fileRef = 4664910419B2F43F00C21BAE /* TipsCalculatorTests.swift */; };
		C2B27D3C19B3192E002BD795 /* background.png in Resources */ = {isa = PBXBuildFile; fileRef = C2B27D3B19B3192E002BD795 /* background.png */; };
/* End PBXBuildFile section */

/* Begin PBXContainerItemProxy section */
		466490FF19B2F43F00C21BAE /* PBXContainerItemProxy */ = {
			isa = PBXContainerItemProxy;
			containerPortal = 466490E419B2F43E00C21BAE /* Project object */;
			proxyType = 1;
			remoteGlobalIDString = 466490EB19B2F43E00C21BAE;
			remoteInfo = TipsCalculator;
		};
/* End PBXContainerItemProxy section */

/* Begin PBXFileReference section */
		466490EC19B2F43F00C21BAE /* TipsCalculator.app */ = {isa = PBXFileReference; explicitFileType = wrapper.application; includeInIndex = 0; path = TipsCalculator.app; sourceTree = BUILT_PRODUCTS_DIR; };
		466490F019B2F43F00C21BAE /* Info.plist */ = {isa = PBXFileReference; lastKnownFileType = text.plist.xml; path = Info.plist; sourceTree = "<group>"; };
		466490F119B2F43F00C21BAE /* AppDelegate.swift */ = {isa = PBXFileReference; lastKnownFileType = sourcecode.swift; path = AppDelegate.swift; sourceTree = "<group>"; };
		466490F319B2F43F00C21BAE /* ViewController.swift */ = {isa = PBXFileReference; lastKnownFileType = sourcecode.swift; path = ViewController.swift; sourceTree = "<group>"; };
		466490F619B2F43F00C21BAE /* Base */ = {isa = PBXFileReference; lastKnownFileType = file.storyboard; name = Base; path = Base.lproj/Main.storyboard; sourceTree = "<group>"; };
		466490F819B2F43F00C21BAE /* Images.xcassets */ = {isa = PBXFileReference; lastKnownFileType = folder.assetcatalog; path = Images.xcassets; sourceTree = "<group>"; };
		466490FE19B2F43F00C21BAE /* TipsCalculatorTests.xctest */ = {isa = PBXFileReference; explicitFileType = wrapper.cfbundle; includeInIndex = 0; path = TipsCalculatorTests.xctest; sourceTree = BUILT_PRODUCTS_DIR; };
		4664910319B2F43F00C21BAE /* Info.plist */ = {isa = PBXFileReference; lastKnownFileType = text.plist.xml; path = Info.plist; sourceTree = "<group>"; };
		4664910419B2F43F00C21BAE /* TipsCalculatorTests.swift */ = {isa = PBXFileReference; lastKnownFileType = sourcecode.swift; path = TipsCalculatorTests.swift; sourceTree = "<group>"; };
		C2B27D3B19B3192E002BD795 /* background.png */ = {isa = PBXFileReference; lastKnownFileType = image.png; path = background.png; sourceTree = "<group>"; };
		C2B27D3D19B31A72002BD795 /* Roboto-Light.ttf */ = {isa = PBXFileReference; lastKnownFileType = file; path = "Roboto-Light.ttf"; sourceTree = "<group>"; };
		C2B27D3E19B31A72002BD795 /* Roboto-Regular.ttf */ = {isa = PBXFileReference; lastKnownFileType = file; path = "Roboto-Regular.ttf"; sourceTree = "<group>"; };
/* End PBXFileReference section */

/* Begin PBXFrameworksBuildPhase section */
		466490E919B2F43E00C21BAE /* Frameworks */ = {
			isa = PBXFrameworksBuildPhase;
			buildActionMask = 2147483647;
			files = (
			);
			runOnlyForDeploymentPostprocessing = 0;
		};
		466490FB19B2F43F00C21BAE /* Frameworks */ = {
			isa = PBXFrameworksBuildPhase;
			buildActionMask = 2147483647;
			files = (
			);
			runOnlyForDeploymentPostprocessing = 0;
		};
/* End PBXFrameworksBuildPhase section */

/* Begin PBXGroup section */
		466490E319B2F43E00C21BAE = {
			isa = PBXGroup;
			children = (
				466490EE19B2F43F00C21BAE /* TipsCalculator */,
				4664910119B2F43F00C21BAE /* TipsCalculatorTests */,
				466490ED19B2F43F00C21BAE /* Products */,
			);
			sourceTree = "<group>";
		};
		466490ED19B2F43F00C21BAE /* Products */ = {
			isa = PBXGroup;
			children = (
				466490EC19B2F43F00C21BAE /* TipsCalculator.app */,
				466490FE19B2F43F00C21BAE /* TipsCalculatorTests.xctest */,
			);
			name = Products;
			sourceTree = "<group>";
		};
		466490EE19B2F43F00C21BAE /* TipsCalculator */ = {
			isa = PBXGroup;
			children = (
				466490F119B2F43F00C21BAE /* AppDelegate.swift */,
				466490F319B2F43F00C21BAE /* ViewController.swift */,
				466490F519B2F43F00C21BAE /* Main.storyboard */,
				466490F819B2F43F00C21BAE /* Images.xcassets */,
				466490EF19B2F43F00C21BAE /* Supporting Files */,
			);
			path = TipsCalculator;
			sourceTree = "<group>";
		};
		466490EF19B2F43F00C21BAE /* Supporting Files */ = {
			isa = PBXGroup;
			children = (
				C2B27D4019B31A9A002BD795 /* fonts */,
				C2B27D3F19B31A7A002BD795 /* images */,
				466490F019B2F43F00C21BAE /* Info.plist */,
			);
			name = "Supporting Files";
			sourceTree = "<group>";
		};
		4664910119B2F43F00C21BAE /* TipsCalculatorTests */ = {
			isa = PBXGroup;
			children = (
				4664910419B2F43F00C21BAE /* TipsCalculatorTests.swift */,
				4664910219B2F43F00C21BAE /* Supporting Files */,
			);
			path = TipsCalculatorTests;
			sourceTree = "<group>";
		};
		4664910219B2F43F00C21BAE /* Supporting Files */ = {
			isa = PBXGroup;
			children = (
				4664910319B2F43F00C21BAE /* Info.plist */,
			);
			name = "Supporting Files";
			sourceTree = "<group>";
		};
		C2B27D3F19B31A7A002BD795 /* images */ = {
			isa = PBXGroup;
			children = (
				C2B27D3B19B3192E002BD795 /* background.png */,
			);
			name = images;
			sourceTree = "<group>";
		};
		C2B27D4019B31A9A002BD795 /* fonts */ = {
			isa = PBXGroup;
			children = (
				C2B27D3D19B31A72002BD795 /* Roboto-Light.ttf */,
				C2B27D3E19B31A72002BD795 /* Roboto-Regular.ttf */,
			);
			name = fonts;
			sourceTree = "<group>";
		};
/* End PBXGroup section */

/* Begin PBXNativeTarget section */
		466490EB19B2F43E00C21BAE /* TipsCalculator */ = {
			isa = PBXNativeTarget;
			buildConfigurationList = 4664910819B2F43F00C21BAE /* Build configuration list for PBXNativeTarget "TipsCalculator" */;
			buildPhases = (
				466490E819B2F43E00C21BAE /* Sources */,
				466490E919B2F43E00C21BAE /* Frameworks */,
				466490EA19B2F43E00C21BAE /* Resources */,
			);
			buildRules = (
			);
			dependencies = (
			);
			name = TipsCalculator;
			productName = TipsCalculator;
			productReference = 466490EC19B2F43F00C21BAE /* TipsCalculator.app */;
			productType = "com.apple.product-type.application";
		};
		466490FD19B2F43F00C21BAE /* TipsCalculatorTests */ = {
			isa = PBXNativeTarget;
			buildConfigurationList = 4664910B19B2F43F00C21BAE /* Build configuration list for PBXNativeTarget "TipsCalculatorTests" */;
			buildPhases = (
				466490FA19B2F43F00C21BAE /* Sources */,
				466490FB19B2F43F00C21BAE /* Frameworks */,
				466490FC19B2F43F00C21BAE /* Resources */,
			);
			buildRules = (
			);
			dependencies = (
				4664910019B2F43F00C21BAE /* PBXTargetDependency */,
			);
			name = TipsCalculatorTests;
			productName = TipsCalculatorTests;
			productReference = 466490FE19B2F43F00C21BAE /* TipsCalculatorTests.xctest */;
			productType = "com.apple.product-type.bundle.unit-test";
		};
/* End PBXNativeTarget section */

/* Begin PBXProject section */
		466490E419B2F43E00C21BAE /* Project object */ = {
			isa = PBXProject;
			attributes = {
				LastUpgradeCheck = 0600;
				ORGANIZATIONNAME = "Xi Jin";
				TargetAttributes = {
					466490EB19B2F43E00C21BAE = {
						CreatedOnToolsVersion = 6.0;
					};
					466490FD19B2F43F00C21BAE = {
						CreatedOnToolsVersion = 6.0;
						TestTargetID = 466490EB19B2F43E00C21BAE;
					};
				};
			};
			buildConfigurationList = 466490E719B2F43E00C21BAE /* Build configuration list for PBXProject "TipsCalculator" */;
			compatibilityVersion = "Xcode 3.2";
			developmentRegion = English;
			hasScannedForEncodings = 0;
			knownRegions = (
				en,
				Base,
			);
			mainGroup = 466490E319B2F43E00C21BAE;
			productRefGroup = 466490ED19B2F43F00C21BAE /* Products */;
			projectDirPath = "";
			projectRoot = "";
			targets = (
				466490EB19B2F43E00C21BAE /* TipsCalculator */,
				466490FD19B2F43F00C21BAE /* TipsCalculatorTests */,
			);
		};
/* End PBXProject section */

/* Begin PBXResourcesBuildPhase section */
		466490EA19B2F43E00C21BAE /* Resources */ = {
			isa = PBXResourcesBuildPhase;
			buildActionMask = 2147483647;
			files = (
				466490F719B2F43F00C21BAE /* Main.storyboard in Resources */,
				C2B27D3C19B3192E002BD795 /* background.png in Resources */,
				466490F919B2F43F00C21BAE /* Images.xcassets in Resources */,
			);
			runOnlyForDeploymentPostprocessing = 0;
		};
		466490FC19B2F43F00C21BAE /* Resources */ = {
			isa = PBXResourcesBuildPhase;
			buildActionMask = 2147483647;
			files = (
			);
			runOnlyForDeploymentPostprocessing = 0;
		};
/* End PBXResourcesBuildPhase section */

/* Begin PBXSourcesBuildPhase section */
		466490E819B2F43E00C21BAE /* Sources */ = {
			isa = PBXSourcesBuildPhase;
			buildActionMask = 2147483647;
			files = (
				466490F419B2F43F00C21BAE /* ViewController.swift in Sources */,
				466490F219B2F43F00C21BAE /* AppDelegate.swift in Sources */,
			);
			runOnlyForDeploymentPostprocessing = 0;
		};
		466490FA19B2F43F00C21BAE /* Sources */ = {
			isa = PBXSourcesBuildPhase;
			buildActionMask = 2147483647;
			files = (
				4664910519B2F43F00C21BAE /* TipsCalculatorTests.swift in Sources */,
			);
			runOnlyForDeploymentPostprocessing = 0;
		};
/* End PBXSourcesBuildPhase section */

/* Begin PBXTargetDependency section */
		4664910019B2F43F00C21BAE /* PBXTargetDependency */ = {
			isa = PBXTargetDependency;
			target = 466490EB19B2F43E00C21BAE /* TipsCalculator */;
			targetProxy = 466490FF19B2F43F00C21BAE /* PBXContainerItemProxy */;
		};
/* End PBXTargetDependency section */

/* Begin PBXVariantGroup section */
		466490F519B2F43F00C21BAE /* Main.storyboard */ = {
			isa = PBXVariantGroup;
			children = (
				466490F619B2F43F00C21BAE /* Base */,
			);
			name = Main.storyboard;
			sourceTree = "<group>";
		};
/* End PBXVariantGroup section */

/* Begin XCBuildConfiguration section */
		4664910619B2F43F00C21BAE /* Debug */ = {
			isa = XCBuildConfiguration;
			buildSettings = {
				ALWAYS_SEARCH_USER_PATHS = NO;
				CLANG_CXX_LANGUAGE_STANDARD = "gnu++0x";
				CLANG_CXX_LIBRARY = "libc++";
				CLANG_ENABLE_MODULES = YES;
				CLANG_ENABLE_OBJC_ARC = YES;
				CLANG_WARN_BOOL_CONVERSION = YES;
				CLANG_WARN_CONSTANT_CONVERSION = YES;
				CLANG_WARN_DIRECT_OBJC_ISA_USAGE = YES_ERROR;
				CLANG_WARN_EMPTY_BODY = YES;
				CLANG_WARN_ENUM_CONVERSION = YES;
				CLANG_WARN_INT_CONVERSION = YES;
				CLANG_WARN_OBJC_ROOT_CLASS = YES_ERROR;
				CLANG_WARN_UNREACHABLE_CODE = YES;
				CLANG_WARN__DUPLICATE_METHOD_MATCH = YES;
				"CODE_SIGN_IDENTITY[sdk=iphoneos*]" = "iPhone Developer";
				COPY_PHASE_STRIP = NO;
				ENABLE_STRICT_OBJC_MSGSEND = YES;
				GCC_C_LANGUAGE_STANDARD = gnu99;
				GCC_DYNAMIC_NO_PIC = NO;
				GCC_OPTIMIZATION_LEVEL = 0;
				GCC_PREPROCESSOR_DEFINITIONS = (
					"DEBUG=1",
					"$(inherited)",
				);
				GCC_SYMBOLS_PRIVATE_EXTERN = NO;
				GCC_WARN_64_TO_32_BIT_CONVERSION = YES;
				GCC_WARN_ABOUT_RETURN_TYPE = YES_ERROR;
				GCC_WARN_UNDECLARED_SELECTOR = YES;
				GCC_WARN_UNINITIALIZED_AUTOS = YES_AGGRESSIVE;
				GCC_WARN_UNUSED_FUNCTION = YES;
				GCC_WARN_UNUSED_VARIABLE = YES;
				IPHONEOS_DEPLOYMENT_TARGET = 8.0;
				MTL_ENABLE_DEBUG_INFO = YES;
				ONLY_ACTIVE_ARCH = YES;
				SDKROOT = iphoneos;
				SWIFT_OPTIMIZATION_LEVEL = "-Onone";
			};
			name = Debug;
		};
		4664910719B2F43F00C21BAE /* Release */ = {
			isa = XCBuildConfiguration;
			buildSettings = {
				ALWAYS_SEARCH_USER_PATHS = NO;
				CLANG_CXX_LANGUAGE_STANDARD = "gnu++0x";
				CLANG_CXX_LIBRARY = "libc++";
				CLANG_ENABLE_MODULES = YES;
				CLANG_ENABLE_OBJC_ARC = YES;
				CLANG_WARN_BOOL_CONVERSION = YES;
				CLANG_WARN_CONSTANT_CONVERSION = YES;
				CLANG_WARN_DIRECT_OBJC_ISA_USAGE = YES_ERROR;
				CLANG_WARN_EMPTY_BODY = YES;
				CLANG_WARN_ENUM_CONVERSION = YES;
				CLANG_WARN_INT_CONVERSION = YES;
				CLANG_WARN_OBJC_ROOT_CLASS = YES_ERROR;
				CLANG_WARN_UNREACHABLE_CODE = YES;
				CLANG_WARN__DUPLICATE_METHOD_MATCH = YES;
				"CODE_SIGN_IDENTITY[sdk=iphoneos*]" = "iPhone Developer";
				COPY_PHASE_STRIP = YES;
				ENABLE_NS_ASSERTIONS = NO;
				ENABLE_STRICT_OBJC_MSGSEND = YES;
				GCC_C_LANGUAGE_STANDARD = gnu99;
				GCC_WARN_64_TO_32_BIT_CONVERSION = YES;
				GCC_WARN_ABOUT_RETURN_TYPE = YES_ERROR;
				GCC_WARN_UNDECLARED_SELECTOR = YES;
				GCC_WARN_UNINITIALIZED_AUTOS = YES_AGGRESSIVE;
				GCC_WARN_UNUSED_FUNCTION = YES;
				GCC_WARN_UNUSED_VARIABLE = YES;
				IPHONEOS_DEPLOYMENT_TARGET = 8.0;
				MTL_ENABLE_DEBUG_INFO = NO;
				SDKROOT = iphoneos;
				VALIDATE_PRODUCT = YES;
			};
			name = Release;
		};
		4664910919B2F43F00C21BAE /* Debug */ = {
			isa = XCBuildConfiguration;
			buildSettings = {
				ASSETCATALOG_COMPILER_APPICON_NAME = AppIcon;
				ASSETCATALOG_COMPILER_LAUNCHIMAGE_NAME = LaunchImage;
				INFOPLIST_FILE = TipsCalculator/Info.plist;
				IPHONEOS_DEPLOYMENT_TARGET = 8.0;
				LD_RUNPATH_SEARCH_PATHS = "$(inherited) @executable_path/Frameworks";
				PRODUCT_NAME = "$(TARGET_NAME)";
			};
			name = Debug;
		};
		4664910A19B2F43F00C21BAE /* Release */ = {
			isa = XCBuildConfiguration;
			buildSettings = {
				ASSETCATALOG_COMPILER_APPICON_NAME = AppIcon;
				ASSETCATALOG_COMPILER_LAUNCHIMAGE_NAME = LaunchImage;
				INFOPLIST_FILE = TipsCalculator/Info.plist;
				IPHONEOS_DEPLOYMENT_TARGET = 8.0;
				LD_RUNPATH_SEARCH_PATHS = "$(inherited) @executable_path/Frameworks";
				PRODUCT_NAME = "$(TARGET_NAME)";
			};
			name = Release;
		};
		4664910C19B2F43F00C21BAE /* Debug */ = {
			isa = XCBuildConfiguration;
			buildSettings = {
				BUNDLE_LOADER = "$(TEST_HOST)";
				FRAMEWORK_SEARCH_PATHS = (
					"$(SDKROOT)/Developer/Library/Frameworks",
					"$(inherited)",
				);
				GCC_PREPROCESSOR_DEFINITIONS = (
					"DEBUG=1",
					"$(inherited)",
				);
				INFOPLIST_FILE = TipsCalculatorTests/Info.plist;
				LD_RUNPATH_SEARCH_PATHS = "$(inherited) @executable_path/Frameworks @loader_path/Frameworks";
				PRODUCT_NAME = "$(TARGET_NAME)";
				TEST_HOST = "$(BUILT_PRODUCTS_DIR)/TipsCalculator.app/TipsCalculator";
			};
			name = Debug;
		};
		4664910D19B2F43F00C21BAE /* Release */ = {
			isa = XCBuildConfiguration;
			buildSettings = {
				BUNDLE_LOADER = "$(TEST_HOST)";
				FRAMEWORK_SEARCH_PATHS = (
					"$(SDKROOT)/Developer/Library/Frameworks",
					"$(inherited)",
				);
				INFOPLIST_FILE = TipsCalculatorTests/Info.plist;
				LD_RUNPATH_SEARCH_PATHS = "$(inherited) @executable_path/Frameworks @loader_path/Frameworks";
				PRODUCT_NAME = "$(TARGET_NAME)";
				TEST_HOST = "$(BUILT_PRODUCTS_DIR)/TipsCalculator.app/TipsCalculator";
			};
			name = Release;
		};
/* End XCBuildConfiguration section */

/* Begin XCConfigurationList section */
		466490E719B2F43E00C21BAE /* Build configuration list for PBXProject "TipsCalculator" */ = {
			isa = XCConfigurationList;
			buildConfigurations = (
				4664910619B2F43F00C21BAE /* Debug */,
				4664910719B2F43F00C21BAE /* Release */,
			);
			defaultConfigurationIsVisible = 0;
			defaultConfigurationName = Release;
		};
		4664910819B2F43F00C21BAE /* Build configuration list for PBXNativeTarget "TipsCalculator" */ = {
			isa = XCConfigurationList;
			buildConfigurations = (
				4664910919B2F43F00C21BAE /* Debug */,
				4664910A19B2F43F00C21BAE /* Release */,
			);
			defaultConfigurationIsVisible = 0;
			defaultConfigurationName = Release;
		};
		4664910B19B2F43F00C21BAE /* Build configuration list for PBXNativeTarget "TipsCalculatorTests" */ = {
			isa = XCConfigurationList;
			buildConfigurations = (
				4664910C19B2F43F00C21BAE /* Debug */,
				4664910D19B2F43F00C21BAE /* Release */,
			);
			defaultConfigurationIsVisible = 0;
			defaultConfigurationName = Release;
		};
/* End XCConfigurationList section */
	};
	rootObject = 466490E419B2F43E00C21BAE /* Project object */;
}
